# This file is automatically @generated by Cargo.
# It is not intended for manual editing.
version = 3

[[package]]
name = "gcc"
version = "0.3.55"
source = "registry+https://github.com/rust-lang/crates.io-index"
checksum = "8f5f3913fa0bfe7ee1fd8248b6b9f42a5af4b9d65ec2dd2c3c26132b950ecfc2"

[[package]]
name = "libc"
version = "0.2.115"
source = "registry+https://github.com/rust-lang/crates.io-index"
checksum = "0a8d982fa7a96a000f6ec4cfe966de9703eccde29750df2bb8949da91b0e818d"

[[package]]
name = "pkru-unsafe-lib"
version = "0.1.0"
dependencies = [
 "gcc",
 "libc",
]
